// !$*UTF8*$!
{
	archiveVersion = 1;
	classes = {
	};
	objectVersion = 46;
	objects = {

/* Begin PBXBuildFile section */
		2028FFA01E5865D000E3CAA8 /* AppDelegate.swift in Sources */ = {isa = PBXBuildFile; fileRef = 2028FF9F1E5865D000E3CAA8 /* AppDelegate.swift */; };
		2028FFA21E5865D000E3CAA8 /* ViewController.swift in Sources */ = {isa = PBXBuildFile; fileRef = 2028FFA11E5865D000E3CAA8 /* ViewController.swift */; };
		2028FFA51E5865D000E3CAA8 /* Main.storyboard in Resources */ = {isa = PBXBuildFile; fileRef = 2028FFA31E5865D000E3CAA8 /* Main.storyboard */; };
		2028FFA71E5865D000E3CAA8 /* Assets.xcassets in Resources */ = {isa = PBXBuildFile; fileRef = 2028FFA61E5865D000E3CAA8 /* Assets.xcassets */; };
		2028FFAA1E5865D000E3CAA8 /* LaunchScreen.storyboard in Resources */ = {isa = PBXBuildFile; fileRef = 2028FFA81E5865D000E3CAA8 /* LaunchScreen.storyboard */; };
		2028FFB51E5865D000E3CAA8 /* pokedexTests.swift in Sources */ = {isa = PBXBuildFile; fileRef = 2028FFB41E5865D000E3CAA8 /* pokedexTests.swift */; };
		2028FFC01E58786F00E3CAA8 /* pokemon.csv in Resources */ = {isa = PBXBuildFile; fileRef = 2028FFBF1E58786F00E3CAA8 /* pokemon.csv */; };
		2028FFC31E587C4000E3CAA8 /* pokemon.swift in Sources */ = {isa = PBXBuildFile; fileRef = 2028FFC21E587C4000E3CAA8 /* pokemon.swift */; };
		2028FFC61E58ABC400E3CAA8 /* PokemonCell.swift in Sources */ = {isa = PBXBuildFile; fileRef = 2028FFC51E58ABC400E3CAA8 /* PokemonCell.swift */; };
		2028FFC81E58C06B00E3CAA8 /* csv.swift in Sources */ = {isa = PBXBuildFile; fileRef = 2028FFC71E58C06B00E3CAA8 /* csv.swift */; };
		2028FFCB1E58C6AE00E3CAA8 /* music.mp3 in Resources */ = {isa = PBXBuildFile; fileRef = 2028FFCA1E58C6AE00E3CAA8 /* music.mp3 */; };
		2028FFD01E58C87900E3CAA8 /* music.png in Resources */ = {isa = PBXBuildFile; fileRef = 2028FFCF1E58C87900E3CAA8 /* music.png */; };
		2028FFD21E595CD200E3CAA8 /* PokemonDetailVC.swift in Sources */ = {isa = PBXBuildFile; fileRef = 2028FFD11E595CD200E3CAA8 /* PokemonDetailVC.swift */; };
/* End PBXBuildFile section */

/* Begin PBXContainerItemProxy section */
		2028FFB11E5865D000E3CAA8 /* PBXContainerItemProxy */ = {
			isa = PBXContainerItemProxy;
			containerPortal = 2028FF941E5865D000E3CAA8 /* Project object */;
			proxyType = 1;
			remoteGlobalIDString = 2028FF9B1E5865D000E3CAA8;
			remoteInfo = pokedex;
		};
/* End PBXContainerItemProxy section */

/* Begin PBXFileReference section */
		2028FF9C1E5865D000E3CAA8 /* pokedex.app */ = {isa = PBXFileReference; explicitFileType = wrapper.application; includeInIndex = 0; path = pokedex.app; sourceTree = BUILT_PRODUCTS_DIR; };
		2028FF9F1E5865D000E3CAA8 /* AppDelegate.swift */ = {isa = PBXFileReference; lastKnownFileType = sourcecode.swift; path = AppDelegate.swift; sourceTree = "<group>"; };
		2028FFA11E5865D000E3CAA8 /* ViewController.swift */ = {isa = PBXFileReference; lastKnownFileType = sourcecode.swift; path = ViewController.swift; sourceTree = "<group>"; };
		2028FFA41E5865D000E3CAA8 /* Base */ = {isa = PBXFileReference; lastKnownFileType = file.storyboard; name = Base; path = Base.lproj/Main.storyboard; sourceTree = "<group>"; };
		2028FFA61E5865D000E3CAA8 /* Assets.xcassets */ = {isa = PBXFileReference; lastKnownFileType = folder.assetcatalog; path = Assets.xcassets; sourceTree = "<group>"; };
		2028FFA91E5865D000E3CAA8 /* Base */ = {isa = PBXFileReference; lastKnownFileType = file.storyboard; name = Base; path = Base.lproj/LaunchScreen.storyboard; sourceTree = "<group>"; };
		2028FFAB1E5865D000E3CAA8 /* Info.plist */ = {isa = PBXFileReference; lastKnownFileType = text.plist.xml; path = Info.plist; sourceTree = "<group>"; };
		2028FFB01E5865D000E3CAA8 /* pokedexTests.xctest */ = {isa = PBXFileReference; explicitFileType = wrapper.cfbundle; includeInIndex = 0; path = pokedexTests.xctest; sourceTree = BUILT_PRODUCTS_DIR; };
		2028FFB41E5865D000E3CAA8 /* pokedexTests.swift */ = {isa = PBXFileReference; lastKnownFileType = sourcecode.swift; path = pokedexTests.swift; sourceTree = "<group>"; };
		2028FFB61E5865D000E3CAA8 /* Info.plist */ = {isa = PBXFileReference; lastKnownFileType = text.plist.xml; path = Info.plist; sourceTree = "<group>"; };
		2028FFBF1E58786F00E3CAA8 /* pokemon.csv */ = {isa = PBXFileReference; fileEncoding = 4; lastKnownFileType = text; path = pokemon.csv; sourceTree = "<group>"; };
		2028FFC21E587C4000E3CAA8 /* pokemon.swift */ = {isa = PBXFileReference; fileEncoding = 4; lastKnownFileType = sourcecode.swift; path = pokemon.swift; sourceTree = "<group>"; };
		2028FFC51E58ABC400E3CAA8 /* PokemonCell.swift */ = {isa = PBXFileReference; fileEncoding = 4; lastKnownFileType = sourcecode.swift; path = PokemonCell.swift; sourceTree = "<group>"; };
		2028FFC71E58C06B00E3CAA8 /* csv.swift */ = {isa = PBXFileReference; fileEncoding = 4; lastKnownFileType = sourcecode.swift; path = csv.swift; sourceTree = "<group>"; };
		2028FFC91E58C61B00E3CAA8 /* Pokemon Solid.ttf */ = {isa = PBXFileReference; lastKnownFileType = file; path = "Pokemon Solid.ttf"; sourceTree = "<group>"; };
		2028FFCA1E58C6AE00E3CAA8 /* music.mp3 */ = {isa = PBXFileReference; lastKnownFileType = audio.mp3; path = music.mp3; sourceTree = "<group>"; };
		2028FFCF1E58C87900E3CAA8 /* music.png */ = {isa = PBXFileReference; lastKnownFileType = image.png; path = music.png; sourceTree = "<group>"; };
		2028FFD11E595CD200E3CAA8 /* PokemonDetailVC.swift */ = {isa = PBXFileReference; fileEncoding = 4; lastKnownFileType = sourcecode.swift; path = PokemonDetailVC.swift; sourceTree = "<group>"; };
/* End PBXFileReference section */

/* Begin PBXFrameworksBuildPhase section */
		2028FF991E5865D000E3CAA8 /* Frameworks */ = {
			isa = PBXFrameworksBuildPhase;
			buildActionMask = 2147483647;
			files = (
			);
			runOnlyForDeploymentPostprocessing = 0;
		};
		2028FFAD1E5865D000E3CAA8 /* Frameworks */ = {
			isa = PBXFrameworksBuildPhase;
			buildActionMask = 2147483647;
			files = (
			);
			runOnlyForDeploymentPostprocessing = 0;
		};
/* End PBXFrameworksBuildPhase section */

/* Begin PBXGroup section */
		2028FF931E5865D000E3CAA8 = {
			isa = PBXGroup;
			children = (
				2028FF9E1E5865D000E3CAA8 /* pokedex */,
				2028FFB31E5865D000E3CAA8 /* pokedexTests */,
				2028FF9D1E5865D000E3CAA8 /* Products */,
			);
			sourceTree = "<group>";
		};
		2028FF9D1E5865D000E3CAA8 /* Products */ = {
			isa = PBXGroup;
			children = (
				2028FF9C1E5865D000E3CAA8 /* pokedex.app */,
				2028FFB01E5865D000E3CAA8 /* pokedexTests.xctest */,
			);
			name = Products;
			sourceTree = "<group>";
		};
		2028FF9E1E5865D000E3CAA8 /* pokedex */ = {
			isa = PBXGroup;
			children = (
				2028FFC11E587BEF00E3CAA8 /* Model */,
				2028FFC41E58AB8000E3CAA8 /* View */,
				2028FFCC1E58C6B900E3CAA8 /* Controller */,
				2028FFCE1E58C6E700E3CAA8 /* Utility */,
				2028FFCD1E58C6C300E3CAA8 /* Resources */,
				2028FF9F1E5865D000E3CAA8 /* AppDelegate.swift */,
				2028FFA31E5865D000E3CAA8 /* Main.storyboard */,
				2028FFA61E5865D000E3CAA8 /* Assets.xcassets */,
				2028FFA81E5865D000E3CAA8 /* LaunchScreen.storyboard */,
				2028FFAB1E5865D000E3CAA8 /* Info.plist */,
			);
			path = pokedex;
			sourceTree = "<group>";
		};
		2028FFB31E5865D000E3CAA8 /* pokedexTests */ = {
			isa = PBXGroup;
			children = (
				2028FFB41E5865D000E3CAA8 /* pokedexTests.swift */,
				2028FFB61E5865D000E3CAA8 /* Info.plist */,
			);
			path = pokedexTests;
			sourceTree = "<group>";
		};
		2028FFC11E587BEF00E3CAA8 /* Model */ = {
			isa = PBXGroup;
			children = (
				2028FFC21E587C4000E3CAA8 /* pokemon.swift */,
			);
			name = Model;
			sourceTree = "<group>";
		};
		2028FFC41E58AB8000E3CAA8 /* View */ = {
			isa = PBXGroup;
			children = (
				2028FFC51E58ABC400E3CAA8 /* PokemonCell.swift */,
			);
			name = View;
			sourceTree = "<group>";
		};
		2028FFCC1E58C6B900E3CAA8 /* Controller */ = {
			isa = PBXGroup;
			children = (
				2028FFA11E5865D000E3CAA8 /* ViewController.swift */,
				2028FFD11E595CD200E3CAA8 /* PokemonDetailVC.swift */,
			);
			name = Controller;
			sourceTree = "<group>";
		};
		2028FFCD1E58C6C300E3CAA8 /* Resources */ = {
			isa = PBXGroup;
			children = (
				2028FFCF1E58C87900E3CAA8 /* music.png */,
				2028FFCA1E58C6AE00E3CAA8 /* music.mp3 */,
				2028FFC91E58C61B00E3CAA8 /* Pokemon Solid.ttf */,
				2028FFBF1E58786F00E3CAA8 /* pokemon.csv */,
			);
			name = Resources;
			sourceTree = "<group>";
		};
		2028FFCE1E58C6E700E3CAA8 /* Utility */ = {
			isa = PBXGroup;
			children = (
				2028FFC71E58C06B00E3CAA8 /* csv.swift */,
			);
			name = Utility;
			sourceTree = "<group>";
		};
/* End PBXGroup section */

/* Begin PBXNativeTarget section */
		2028FF9B1E5865D000E3CAA8 /* pokedex */ = {
			isa = PBXNativeTarget;
			buildConfigurationList = 2028FFB91E5865D000E3CAA8 /* Build configuration list for PBXNativeTarget "pokedex" */;
			buildPhases = (
				2028FF981E5865D000E3CAA8 /* Sources */,
				2028FF991E5865D000E3CAA8 /* Frameworks */,
				2028FF9A1E5865D000E3CAA8 /* Resources */,
			);
			buildRules = (
			);
			dependencies = (
			);
			name = pokedex;
			productName = pokedex;
			productReference = 2028FF9C1E5865D000E3CAA8 /* pokedex.app */;
			productType = "com.apple.product-type.application";
		};
		2028FFAF1E5865D000E3CAA8 /* pokedexTests */ = {
			isa = PBXNativeTarget;
			buildConfigurationList = 2028FFBC1E5865D000E3CAA8 /* Build configuration list for PBXNativeTarget "pokedexTests" */;
			buildPhases = (
				2028FFAC1E5865D000E3CAA8 /* Sources */,
				2028FFAD1E5865D000E3CAA8 /* Frameworks */,
				2028FFAE1E5865D000E3CAA8 /* Resources */,
			);
			buildRules = (
			);
			dependencies = (
				2028FFB21E5865D000E3CAA8 /* PBXTargetDependency */,
			);
			name = pokedexTests;
			productName = pokedexTests;
			productReference = 2028FFB01E5865D000E3CAA8 /* pokedexTests.xctest */;
			productType = "com.apple.product-type.bundle.unit-test";
		};
/* End PBXNativeTarget section */

/* Begin PBXProject section */
		2028FF941E5865D000E3CAA8 /* Project object */ = {
			isa = PBXProject;
			attributes = {
				LastSwiftUpdateCheck = 0820;
				LastUpgradeCheck = 0820;
				ORGANIZATIONNAME = cpicondo;
				TargetAttributes = {
					2028FF9B1E5865D000E3CAA8 = {
						CreatedOnToolsVersion = 8.2.1;
						DevelopmentTeam = T5P553WJA5;
						LastSwiftMigration = 0820;
						ProvisioningStyle = Automatic;
					};
					2028FFAF1E5865D000E3CAA8 = {
						CreatedOnToolsVersion = 8.2.1;
						DevelopmentTeam = T5P553WJA5;
						LastSwiftMigration = 0820;
						ProvisioningStyle = Automatic;
						TestTargetID = 2028FF9B1E5865D000E3CAA8;
					};
				};
			};
			buildConfigurationList = 2028FF971E5865D000E3CAA8 /* Build configuration list for PBXProject "pokedex" */;
			compatibilityVersion = "Xcode 3.2";
			developmentRegion = English;
			hasScannedForEncodings = 0;
			knownRegions = (
				en,
				Base,
			);
			mainGroup = 2028FF931E5865D000E3CAA8;
			productRefGroup = 2028FF9D1E5865D000E3CAA8 /* Products */;
			projectDirPath = "";
			projectRoot = "";
			targets = (
				2028FF9B1E5865D000E3CAA8 /* pokedex */,
				2028FFAF1E5865D000E3CAA8 /* pokedexTests */,
			);
		};
/* End PBXProject section */

/* Begin PBXResourcesBuildPhase section */
		2028FF9A1E5865D000E3CAA8 /* Resources */ = {
			isa = PBXResourcesBuildPhase;
			buildActionMask = 2147483647;
			files = (
				2028FFCB1E58C6AE00E3CAA8 /* music.mp3 in Resources */,
				2028FFAA1E5865D000E3CAA8 /* LaunchScreen.storyboard in Resources */,
				2028FFA71E5865D000E3CAA8 /* Assets.xcassets in Resources */,
				2028FFC01E58786F00E3CAA8 /* pokemon.csv in Resources */,
				2028FFA51E5865D000E3CAA8 /* Main.storyboard in Resources */,
				2028FFD01E58C87900E3CAA8 /* music.png in Resources */,
			);
			runOnlyForDeploymentPostprocessing = 0;
		};
		2028FFAE1E5865D000E3CAA8 /* Resources */ = {
			isa = PBXResourcesBuildPhase;
			buildActionMask = 2147483647;
			files = (
			);
			runOnlyForDeploymentPostprocessing = 0;
		};
/* End PBXResourcesBuildPhase section */

/* Begin PBXSourcesBuildPhase section */
		2028FF981E5865D000E3CAA8 /* Sources */ = {
			isa = PBXSourcesBuildPhase;
			buildActionMask = 2147483647;
			files = (
				2028FFC31E587C4000E3CAA8 /* pokemon.swift in Sources */,
				2028FFC61E58ABC400E3CAA8 /* PokemonCell.swift in Sources */,
				2028FFA21E5865D000E3CAA8 /* ViewController.swift in Sources */,
				2028FFD21E595CD200E3CAA8 /* PokemonDetailVC.swift in Sources */,
				2028FFA01E5865D000E3CAA8 /* AppDelegate.swift in Sources */,
				2028FFC81E58C06B00E3CAA8 /* csv.swift in Sources */,
			);
			runOnlyForDeploymentPostprocessing = 0;
		};
		2028FFAC1E5865D000E3CAA8 /* Sources */ = {
			isa = PBXSourcesBuildPhase;
			buildActionMask = 2147483647;
			files = (
				2028FFB51E5865D000E3CAA8 /* pokedexTests.swift in Sources */,
			);
			runOnlyForDeploymentPostprocessing = 0;
		};
/* End PBXSourcesBuildPhase section */

/* Begin PBXTargetDependency section */
		2028FFB21E5865D000E3CAA8 /* PBXTargetDependency */ = {
			isa = PBXTargetDependency;
			target = 2028FF9B1E5865D000E3CAA8 /* pokedex */;
			targetProxy = 2028FFB11E5865D000E3CAA8 /* PBXContainerItemProxy */;
		};
/* End PBXTargetDependency section */

/* Begin PBXVariantGroup section */
		2028FFA31E5865D000E3CAA8 /* Main.storyboard */ = {
			isa = PBXVariantGroup;
			children = (
				2028FFA41E5865D000E3CAA8 /* Base */,
			);
			name = Main.storyboard;
			sourceTree = "<group>";
		};
		2028FFA81E5865D000E3CAA8 /* LaunchScreen.storyboard */ = {
			isa = PBXVariantGroup;
			children = (
				2028FFA91E5865D000E3CAA8 /* Base */,
			);
			name = LaunchScreen.storyboard;
			sourceTree = "<group>";
		};
/* End PBXVariantGroup section */

/* Begin XCBuildConfiguration section */
		2028FFB71E5865D000E3CAA8 /* Debug */ = {
			isa = XCBuildConfiguration;
			buildSettings = {
				ALWAYS_SEARCH_USER_PATHS = NO;
				CLANG_ANALYZER_NONNULL = YES;
				CLANG_CXX_LANGUAGE_STANDARD = "gnu++0x";
				CLANG_CXX_LIBRARY = "libc++";
				CLANG_ENABLE_MODULES = YES;
				CLANG_ENABLE_OBJC_ARC = YES;
				CLANG_WARN_BOOL_CONVERSION = YES;
				CLANG_WARN_CONSTANT_CONVERSION = YES;
				CLANG_WARN_DIRECT_OBJC_ISA_USAGE = YES_ERROR;
				CLANG_WARN_DOCUMENTATION_COMMENTS = YES;
				CLANG_WARN_EMPTY_BODY = YES;
				CLANG_WARN_ENUM_CONVERSION = YES;
				CLANG_WARN_INFINITE_RECURSION = YES;
				CLANG_WARN_INT_CONVERSION = YES;
				CLANG_WARN_OBJC_ROOT_CLASS = YES_ERROR;
				CLANG_WARN_SUSPICIOUS_MOVE = YES;
				CLANG_WARN_UNREACHABLE_CODE = YES;
				CLANG_WARN__DUPLICATE_METHOD_MATCH = YES;
				"CODE_SIGN_IDENTITY[sdk=iphoneos*]" = "iPhone Developer";
				COPY_PHASE_STRIP = NO;
				DEBUG_INFORMATION_FORMAT = dwarf;
				ENABLE_STRICT_OBJC_MSGSEND = YES;
				ENABLE_TESTABILITY = YES;
				GCC_C_LANGUAGE_STANDARD = gnu99;
				GCC_DYNAMIC_NO_PIC = NO;
				GCC_NO_COMMON_BLOCKS = YES;
				GCC_OPTIMIZATION_LEVEL = 0;
				GCC_PREPROCESSOR_DEFINITIONS = (
					"DEBUG=1",
					"$(inherited)",
				);
				GCC_WARN_64_TO_32_BIT_CONVERSION = YES;
				GCC_WARN_ABOUT_RETURN_TYPE = YES_ERROR;
				GCC_WARN_UNDECLARED_SELECTOR = YES;
				GCC_WARN_UNINITIALIZED_AUTOS = YES_AGGRESSIVE;
				GCC_WARN_UNUSED_FUNCTION = YES;
				GCC_WARN_UNUSED_VARIABLE = YES;
				IPHONEOS_DEPLOYMENT_TARGET = 10.2;
				MTL_ENABLE_DEBUG_INFO = YES;
				ONLY_ACTIVE_ARCH = YES;
				SDKROOT = iphoneos;
				SWIFT_ACTIVE_COMPILATION_CONDITIONS = DEBUG;
				SWIFT_OPTIMIZATION_LEVEL = "-Onone";
			};
			name = Debug;
		};
		2028FFB81E5865D000E3CAA8 /* Release */ = {
			isa = XCBuildConfiguration;
			buildSettings = {
				ALWAYS_SEARCH_USER_PATHS = NO;
				CLANG_ANALYZER_NONNULL = YES;
				CLANG_CXX_LANGUAGE_STANDARD = "gnu++0x";
				CLANG_CXX_LIBRARY = "libc++";
				CLANG_ENABLE_MODULES = YES;
				CLANG_ENABLE_OBJC_ARC = YES;
				CLANG_WARN_BOOL_CONVERSION = YES;
				CLANG_WARN_CONSTANT_CONVERSION = YES;
				CLANG_WARN_DIRECT_OBJC_ISA_USAGE = YES_ERROR;
				CLANG_WARN_DOCUMENTATION_COMMENTS = YES;
				CLANG_WARN_EMPTY_BODY = YES;
				CLANG_WARN_ENUM_CONVERSION = YES;
				CLANG_WARN_INFINITE_RECURSION = YES;
				CLANG_WARN_INT_CONVERSION = YES;
				CLANG_WARN_OBJC_ROOT_CLASS = YES_ERROR;
				CLANG_WARN_SUSPICIOUS_MOVE = YES;
				CLANG_WARN_UNREACHABLE_CODE = YES;
				CLANG_WARN__DUPLICATE_METHOD_MATCH = YES;
				"CODE_SIGN_IDENTITY[sdk=iphoneos*]" = "iPhone Developer";
				COPY_PHASE_STRIP = NO;
				DEBUG_INFORMATION_FORMAT = "dwarf-with-dsym";
				ENABLE_NS_ASSERTIONS = NO;
				ENABLE_STRICT_OBJC_MSGSEND = YES;
				GCC_C_LANGUAGE_STANDARD = gnu99;
				GCC_NO_COMMON_BLOCKS = YES;
				GCC_WARN_64_TO_32_BIT_CONVERSION = YES;
				GCC_WARN_ABOUT_RETURN_TYPE = YES_ERROR;
				GCC_WARN_UNDECLARED_SELECTOR = YES;
				GCC_WARN_UNINITIALIZED_AUTOS = YES_AGGRESSIVE;
				GCC_WARN_UNUSED_FUNCTION = YES;
				GCC_WARN_UNUSED_VARIABLE = YES;
				IPHONEOS_DEPLOYMENT_TARGET = 10.2;
				MTL_ENABLE_DEBUG_INFO = NO;
				SDKROOT = iphoneos;
				SWIFT_OPTIMIZATION_LEVEL = "-Owholemodule";
				VALIDATE_PRODUCT = YES;
			};
			name = Release;
		};
		2028FFBA1E5865D000E3CAA8 /* Debug */ = {
			isa = XCBuildConfiguration;
			buildSettings = {
				ASSETCATALOG_COMPILER_APPICON_NAME = AppIcon;
				DEVELOPMENT_TEAM = T5P553WJA5;
				INFOPLIST_FILE = pokedex/Info.plist;
				LD_RUNPATH_SEARCH_PATHS = "$(inherited) @executable_path/Frameworks";
				PRODUCT_BUNDLE_IDENTIFIER = com.picondochristian.pokedex;
				PRODUCT_NAME = "$(TARGET_NAME)";
				SWIFT_VERSION = 3.0;
			};
			name = Debug;
		};
		2028FFBB1E5865D000E3CAA8 /* Release */ = {
			isa = XCBuildConfiguration;
			buildSettings = {
				ASSETCATALOG_COMPILER_APPICON_NAME = AppIcon;
				DEVELOPMENT_TEAM = T5P553WJA5;
				INFOPLIST_FILE = pokedex/Info.plist;
				LD_RUNPATH_SEARCH_PATHS = "$(inherited) @executable_path/Frameworks";
				PRODUCT_BUNDLE_IDENTIFIER = com.picondochristian.pokedex;
				PRODUCT_NAME = "$(TARGET_NAME)";
				SWIFT_VERSION = 3.0;
			};
			name = Release;
		};
		2028FFBD1E5865D000E3CAA8 /* Debug */ = {
			isa = XCBuildConfiguration;
			buildSettings = {
				ALWAYS_EMBED_SWIFT_STANDARD_LIBRARIES = YES;
				BUNDLE_LOADER = "$(TEST_HOST)";
				DEVELOPMENT_TEAM = T5P553WJA5;
				INFOPLIST_FILE = pokedexTests/Info.plist;
				LD_RUNPATH_SEARCH_PATHS = "$(inherited) @executable_path/Frameworks @loader_path/Frameworks";
				PRODUCT_BUNDLE_IDENTIFIER = com.picondochristian.pokedexTests;
				PRODUCT_NAME = "$(TARGET_NAME)";
				SWIFT_VERSION = 3.0;
				TEST_HOST = "$(BUILT_PRODUCTS_DIR)/pokedex.app/pokedex";
			};
			name = Debug;
		};
		2028FFBE1E5865D000E3CAA8 /* Release */ = {
			isa = XCBuildConfiguration;
			buildSettings = {
				ALWAYS_EMBED_SWIFT_STANDARD_LIBRARIES = YES;
				BUNDLE_LOADER = "$(TEST_HOST)";
				DEVELOPMENT_TEAM = T5P553WJA5;
				INFOPLIST_FILE = pokedexTests/Info.plist;
				LD_RUNPATH_SEARCH_PATHS = "$(inherited) @executable_path/Frameworks @loader_path/Frameworks";
				PRODUCT_BUNDLE_IDENTIFIER = com.picondochristian.pokedexTests;
				PRODUCT_NAME = "$(TARGET_NAME)";
				SWIFT_VERSION = 3.0;
				TEST_HOST = "$(BUILT_PRODUCTS_DIR)/pokedex.app/pokedex";
			};
			name = Release;
		};
/* End XCBuildConfiguration section */

/* Begin XCConfigurationList section */
		2028FF971E5865D000E3CAA8 /* Build configuration list for PBXProject "pokedex" */ = {
			isa = XCConfigurationList;
			buildConfigurations = (
				2028FFB71E5865D000E3CAA8 /* Debug */,
				2028FFB81E5865D000E3CAA8 /* Release */,
			);
			defaultConfigurationIsVisible = 0;
			defaultConfigurationName = Release;
		};
		2028FFB91E5865D000E3CAA8 /* Build configuration list for PBXNativeTarget "pokedex" */ = {
			isa = XCConfigurationList;
			buildConfigurations = (
				2028FFBA1E5865D000E3CAA8 /* Debug */,
				2028FFBB1E5865D000E3CAA8 /* Release */,
			);
			defaultConfigurationIsVisible = 0;
			defaultConfigurationName = Release;
		};
		2028FFBC1E5865D000E3CAA8 /* Build configuration list for PBXNativeTarget "pokedexTests" */ = {
			isa = XCConfigurationList;
			buildConfigurations = (
				2028FFBD1E5865D000E3CAA8 /* Debug */,
				2028FFBE1E5865D000E3CAA8 /* Release */,
			);
			defaultConfigurationIsVisible = 0;
			defaultConfigurationName = Release;
		};
/* End XCConfigurationList section */
	};
	rootObject = 2028FF941E5865D000E3CAA8 /* Project object */;
}
